# This file is automatically @generated by Cargo.
# It is not intended for manual editing.
version = 4

[[package]]
name = "aho-corasick"
version = "1.1.4"
source = "registry+https://github.com/rust-lang/crates.io-index"
checksum = "ddd31a130427c27518df266943a5308ed92d4b226cc639f5a8f1002816174301"
dependencies = [
 "memchr",
]

[[package]]
name = "ascii-canvas"
version = "4.0.0"
source = "registry+https://github.com/rust-lang/crates.io-index"
checksum = "ef1e3e699d84ab1b0911a1010c5c106aa34ae89aeac103be5ce0c3859db1e891"
dependencies = [
 "term",
]

[[package]]
name = "atlas-cli"
version = "0.1.0"
dependencies = [
 "atlas-core",
 "mimalloc",
 "rayon",
]

[[package]]
name = "atlas-core"
version = "0.1.0"
dependencies = [
 "atlas-real-group",
 "lalrpop",
 "lalrpop-util",
 "malachite",
]

[[package]]
name = "atlas-real-group"
version = "0.1.0"
dependencies = [
 "malachite",
 "rayon",
 "smallvec",
]

[[package]]
name = "bit-set"
version = "0.8.0"
source = "registry+https://github.com/rust-lang/crates.io-index"
checksum = "08807e080ed7f9d5433fa9b275196cfc35414f66a0c79d864dc51a0d825231a3"
dependencies = [
 "bit-vec",
]

[[package]]
name = "bit-vec"
version = "0.8.0"
source = "registry+https://github.com/rust-lang/crates.io-index"
checksum = "5e764a1d40d510daf35e07be9eb06e75770908c27d411ee6c92109c9840eaaf7"

[[package]]
name = "bitflags"
version = "2.13.1"
source = "registry+https://github.com/rust-lang/crates.io-index"
checksum = "b588b76d00fde79687d7646a9b5bdf3cc0f655e0bbd080335a95d7e96f3587da"

[[package]]
name = "block-buffer"
version = "0.10.4"
source = "registry+https://github.com/rust-lang/crates.io-index"
checksum = "3078c7629b62d3f0439517fa394996acacc5cbc91c5a20d8c658e77abd503a71"
dependencies = [
 "generic-array",
]

[[package]]
name = "bytemuck"
version = "1.25.2"
source = "registry+https://github.com/rust-lang/crates.io-index"
checksum = "95832e849adfb21180ccb6826a99da14e5d266ae5c2e668e1602cf234f153797"

[[package]]
name = "cc"
version = "1.4.4"
source = "registry+https://github.com/rust-lang/crates.io-index"
checksum = "0ad534f4357a5264cce5019c989cf66a4f0dc4e0d1b1d15f8aacec0ff7360273"
dependencies = [
 "find-msvc-tools",
 "shlex",
]

[[package]]
name = "cfg-if"
version = "1.0.4"
source = "registry+https://github.com/rust-lang/crates.io-index"
checksum = "9330f8b2ff13f34540b44e946ef35111825727b38d33286ef986142615121801"

[[package]]
name = "cpufeatures"
version = "0.2.17"
source = "registry+https://github.com/rust-lang/crates.io-index"
checksum = "59ed5838eebb26a2bb2e58f6d5b5316989ae9d08bab10e0e6d103e656d1b0280"
dependencies = [
 "libc",
]

[[package]]
name = "crossbeam-deque"
version = "0.8.6"
source = "registry+https://github.com/rust-lang/crates.io-index"
checksum = "9dd111b7b7f7d55b72c0a6ae361660ee5853c9af73f70c3c2ef6858b950e2e51"
dependencies = [
 "crossbeam-epoch",
 "crossbeam-utils",
]

[[package]]
name = "crossbeam-epoch"
version = "0.9.20"
source = "registry+https://github.com/rust-lang/crates.io-index"
checksum = "2d6914041f254d6e9176c01941b21115dcfb7089e55135a35411081bd106ef3f"
dependencies = [
 "crossbeam-utils",
]

[[package]]
name = "crossbeam-utils"
version = "0.8.22"
source = "registry+https://github.com/rust-lang/crates.io-index"
checksum = "61803da095bee82a81bb1a452ecc25d3b2f1416d1897eb86430c6159ef717c17"

[[package]]
name = "crypto-common"
version = "0.1.7"
source = "registry+https://github.com/rust-lang/crates.io-index"
checksum = "78c8292055d1c1df0cce5d180393dc8cce0abec0a7102adb6c7b1eef6016d60a"
dependencies = [
 "generic-array",
 "typenum",
]

[[package]]
name = "digest"
version = "0.10.7"
source = "registry+https://github.com/rust-lang/crates.io-index"
checksum = "9ed9a281f7bc9b7576e61468ba615a66a5c8cfdff42420a70aa82701a3b1e292"
dependencies = [
 "block-buffer",
 "crypto-common",
]

[[package]]
name = "either"
version = "1.17.0"
source = "registry+https://github.com/rust-lang/crates.io-index"
checksum = "9e5e8f6c15a24b9a3ee5efec809ccd006d3b30e8b3bb63c39af737c7f87daa1d"

[[package]]
name = "ena"
version = "0.14.4"
source = "registry+https://github.com/rust-lang/crates.io-index"
checksum = "eabffdaee24bd1bf95c5ef7cec31260444317e72ea56c4c91750e8b7ee58d5f1"
dependencies = [
 "log",
]

[[package]]
name = "equivalent"
version = "1.0.2"
source = "registry+https://github.com/rust-lang/crates.io-index"
checksum = "877a4ace8713b0bcf2a4e7eec82529c029f1d0619886d18145fea96c3ffe5c0f"

[[package]]
name = "find-msvc-tools"
version = "0.1.11"
source = "registry+https://github.com/rust-lang/crates.io-index"
checksum = "d45db016d36b838f563236e9193d0ee6ce38f3f68b6c94e914b4929c96bbb890"

[[package]]
name = "fixedbitset"
version = "0.5.7"
source = "registry+https://github.com/rust-lang/crates.io-index"
checksum = "1d674e81391d1e1ab681a28d99df07927c6d4aa5b027d7da16ba32d1d21ecd99"

[[package]]
name = "foldhash"
version = "0.2.0"
source = "registry+https://github.com/rust-lang/crates.io-index"
checksum = "77ce24cb58228fbb8aa041425bb1050850ac19177686ea6e0f41a70416f56fdb"

[[package]]
name = "generic-array"
version = "0.14.7"
source = "registry+https://github.com/rust-lang/crates.io-index"
checksum = "85649ca51fd72272d7821adaf274ad91c288277713d9c18820d8499a7ff69e9a"
dependencies = [
 "typenum",
 "version_check",
]

[[package]]
name = "hashbrown"
version = "0.15.5"
source = "registry+https://github.com/rust-lang/crates.io-index"
checksum = "9229cfe53dfd69f0609a49f65461bd93001ea1ef889cd5529dd176593f5338a1"

[[package]]
name = "hashbrown"
version = "0.16.1"
source = "registry+https://github.com/rust-lang/crates.io-index"
checksum = "841d1cc9bed7f9236f321df977030373f4a4163ae1a7dbfe1a51a2c1a51d9100"
dependencies = [
 "foldhash",
]

[[package]]
name = "indexmap"
version = "2.11.0"
source = "registry+https://github.com/rust-lang/crates.io-index"
checksum = "f2481980430f9f78649238835720ddccc57e52df14ffce1c6f37391d61b563e9"
dependencies = [
 "equivalent",
 "hashbrown 0.15.5",
]

[[package]]
name = "itertools"
version = "0.14.0"
source = "registry+https://github.com/rust-lang/crates.io-index"
checksum = "2b192c782037fadd9cfa75548310488aabdbf3d2da73885b31bd0abd03351285"
dependencies = [
 "either",
]

[[package]]
name = "keccak"
version = "0.1.6"
source = "registry+https://github.com/rust-lang/crates.io-index"
checksum = "cb26cec98cce3a3d96cbb7bced3c4b16e3d13f27ec56dbd62cbc8f39cfb9d653"
dependencies = [
 "cpufeatures",
]

[[package]]
name = "lalrpop"
version = "0.22.2"
source = "registry+https://github.com/rust-lang/crates.io-index"
checksum = "ba4ebbd48ce411c1d10fb35185f5a51a7bfa3d8b24b4e330d30c9e3a34129501"
dependencies = [
 "ascii-canvas",
 "bit-set",
 "ena",
 "itertools",
 "lalrpop-util",
 "petgraph",
 "regex",
 "regex-syntax",
 "sha3",
 "string_cache",
 "term",
 "unicode-xid",
 "walkdir",
]

[[package]]
name = "lalrpop-util"
version = "0.22.2"
source = "registry+https://github.com/rust-lang/crates.io-index"
checksum = "b5baa5e9ff84f1aefd264e6869907646538a52147a755d494517a8007fb48733"
dependencies = [
 "rustversion",
]

[[package]]
name = "libc"
version = "0.2.189"
source = "registry+https://github.com/rust-lang/crates.io-index"
checksum = "3eaf3ede3fee6db1a4c2ee091bf8a8b4dccdc6d17f656fb07896ee72867612f2"

[[package]]
name = "libm"
version = "0.2.16"
source = "registry+https://github.com/rust-lang/crates.io-index"
checksum = "b6d2cec3eae94f9f509c767b45932f1ada8350c4bdb85af2fcab4a3c14807981"

[[package]]
name = "libmimalloc-sys"
version = "0.1.49"
source = "registry+https://github.com/rust-lang/crates.io-index"
checksum = "6a45a52f43e1c16f667ccfe4dd8c85b7f7c204fd5e3bf46c5b0db9a5c3c0b8e9"
dependencies = [
 "cc",
]

[[package]]
name = "lock_api"
version = "0.4.14"
source = "registry+https://github.com/rust-lang/crates.io-index"
checksum = "224399e74b87b5f3557511d98dff8b14089b3dadafcab6bb93eab67d3aace965"
dependencies = [
 "scopeguard",
]

[[package]]
name = "log"
version = "0.4.33"
source = "registry+https://github.com/rust-lang/crates.io-index"
checksum = "0ceec5bc11778974d1bcb055b18002eba7f4b3518b6a0081b3af5f21666da9ad"

[[package]]
name = "malachite"
version = "0.10.0"
source = "registry+https://github.com/rust-lang/crates.io-index"
checksum = "d1dfad27d38c68bd90b36022a446614e375bd5ae4435e8d62d7a5388d60ed70c"
dependencies = [
 "malachite-base",
 "malachite-float",
 "malachite-nz",
 "malachite-q",
]

[[package]]
name = "malachite-base"
version = "0.10.0"
source = "registry+https://github.com/rust-lang/crates.io-index"
checksum = "c6b9d4679f346f85a8f466d0171478304dab8b0e944dd38086411ab5f6100a17"
dependencies = [
 "hashbrown 0.16.1",
 "itertools",
 "libm",
 "ryu",
]

[[package]]
name = "malachite-float"
version = "0.10.0"
source = "registry+https://github.com/rust-lang/crates.io-index"
checksum = "59bcf20c7be79f3a05c98c02b269bd27921e272bb8ff4d0f69aa87cb33872b99"
dependencies = [
 "itertools",
 "malachite-base",
 "malachite-nz",
 "malachite-q",
]

[[package]]
name = "malachite-nz"
version = "0.10.0"
source = "registry+https://github.com/rust-lang/crates.io-index"
checksum = "8a6821ab988221c35d421ba16c4f8dca101efe5ae1cbfa9831f1fdb1596c755e"
dependencies = [
 "itertools",
 "libm",
 "malachite-base",
 "wide",
]

[[package]]
name = "malachite-q"
version = "0.10.0"
source = "registry+https://github.com/rust-lang/crates.io-index"
checksum = "3cf7894cd9617e43ef5d9824633f7dfc1bffd0298880dd668f20bdffb7a6e8ea"
dependencies = [
 "itertools",
 "libm",
 "malachite-base",
 "malachite-nz",
]

[[package]]
name = "memchr"
version = "2.8.3"
source = "registry+https://github.com/rust-lang/crates.io-index"
checksum = "cf8baf1c55e62ffcace7a9f06f4bd9cd3f0c4beb022d3b367256b91b87513d98"

[[package]]
name = "mimalloc"
version = "0.1.52"
source = "registry+https://github.com/rust-lang/crates.io-index"
checksum = "2d4139bb28d14ad1facf21d5eb8825051b326e172d216b39f6d31df53cc97862"
dependencies = [
 "libmimalloc-sys",
]

[[package]]
name = "new_debug_unreachable"
version = "1.0.6"
source = "registry+https://github.com/rust-lang/crates.io-index"
checksum = "650eef8c711430f1a879fdd01d4745a7deea475becfb90269c06775983bbf086"

[[package]]
name = "parking_lot"
version = "0.12.5"
source = "registry+https://github.com/rust-lang/crates.io-index"
checksum = "93857453250e3077bd71ff98b6a65ea6621a19bb0f559a85248955ac12c45a1a"
dependencies = [
 "lock_api",
 "parking_lot_core",
]

[[package]]
name = "parking_lot_core"
version = "0.9.12"
source = "registry+https://github.com/rust-lang/crates.io-index"
checksum = "2621685985a2ebf1c516881c026032ac7deafcda1a2c9b7850dc81e3dfcb64c1"
dependencies = [
 "cfg-if",
 "libc",
 "redox_syscall",
 "smallvec",
 "windows-link",
]

[[package]]
name = "petgraph"
version = "0.7.1"
source = "registry+https://github.com/rust-lang/crates.io-index"
checksum = "3672b37090dbd86368a4145bc067582552b29c27377cad4e0a306c97f9bd7772"
dependencies = [
 "fixedbitset",
 "indexmap",
]

[[package]]
name = "phf_shared"
version = "0.11.3"
source = "registry+https://github.com/rust-lang/crates.io-index"
checksum = "67eabc2ef2a60eb7faa00097bd1ffdb5bd28e62bf39990626a582201b7a754e5"
dependencies = [
 "siphasher",
]

[[package]]
name = "precomputed-hash"
version = "0.1.1"
source = "registry+https://github.com/rust-lang/crates.io-index"
checksum = "925383efa346730478fb4838dbe9137d2a47675ad789c546d150a6e1dd4ab31c"

[[package]]
name = "rayon"
version = "1.12.0"
source = "registry+https://github.com/rust-lang/crates.io-index"
checksum = "fb39b166781f92d482534ef4b4b1b2568f42613b53e5b6c160e24cfbfa30926d"
dependencies = [
 "either",
 "rayon-core",
]

[[package]]
name = "rayon-core"
version = "1.13.0"
source = "registry+https://github.com/rust-lang/crates.io-index"
checksum = "22e18b0f0062d30d4230b2e85ff77fdfe4326feb054b9783a3460d8435c8ab91"
dependencies = [
 "crossbeam-deque",
 "crossbeam-utils",
]

[[package]]
name = "redox_syscall"
version = "0.5.18"
source = "registry+https://github.com/rust-lang/crates.io-index"
checksum = "ed2bf2547551a7053d6fdfafda3f938979645c44812fbfcda098faae3f1a362d"
dependencies = [
 "bitflags",
]

[[package]]
name = "regex"
version = "1.13.1"
source = "registry+https://github.com/rust-lang/crates.io-index"
checksum = "f020237b6c8eed93db2e2cb53c00c60a8e1bc73da7d073199a1180401450218d"
dependencies = [
 "aho-corasick",
 "memchr",
 "regex-automata",
 "regex-syntax",
]

[[package]]
name = "regex-automata"
version = "0.4.16"
source = "registry+https://github.com/rust-lang/crates.io-index"
checksum = "8fcfdb36bda0c880c5931cdc7a2bcdc8ba4556847b9d912bca70bc94708711ad"
dependencies = [
 "aho-corasick",
 "memchr",
 "regex-syntax",
]

[[package]]
name = "regex-syntax"
version = "0.8.11"
source = "registry+https://github.com/rust-lang/crates.io-index"
checksum = "d6f6ff9a378485b298a5286656da665ba74413d36db0979633275d2e708145d4"

[[package]]
name = "rustversion"
version = "1.0.23"
source = "registry+https://github.com/rust-lang/crates.io-index"
checksum = "cf54715a573b99ac80df0bc206da022bcd442c974952c7b9720069370852e21f"

[[package]]
name = "ryu"
version = "1.0.23"
source = "registry+https://github.com/rust-lang/crates.io-index"
checksum = "9774ba4a74de5f7b1c1451ed6cd5285a32eddb5cccb8cc655a4e50009e06477f"

[[package]]
name = "safe_arch"
version = "1.1.0"
source = "registry+https://github.com/rust-lang/crates.io-index"
checksum = "3a52ec151f024d703f9fd65abb7cbe81e7cdb39f18917a3a37e3014470dc7c59"
dependencies = [
 "bytemuck",
]

[[package]]
name = "same-file"
version = "1.0.6"
source = "registry+https://github.com/rust-lang/crates.io-index"
checksum = "93fc1dc3aaa9bfed95e02e6eadabb4baf7e3078b0bd1b4d7b6b0b68378900502"
dependencies = [
 "winapi-util",
]

[[package]]
name = "scopeguard"
version = "1.2.0"
source = "registry+https://github.com/rust-lang/crates.io-index"
checksum = "94143f37725109f92c262ed2cf5e59bce7498c01bcc1502d7b9afe439a4e9f49"

[[package]]
name = "sha3"
version = "0.10.9"
source = "registry+https://github.com/rust-lang/crates.io-index"
checksum = "77fd7028345d415a4034cf8777cd4f8ab1851274233b45f84e3d955502d93874"
dependencies = [
 "digest",
 "keccak",
]

[[package]]
name = "shlex"
version = "2.0.1"
source = "registry+https://github.com/rust-lang/crates.io-index"
checksum = "f8fadd59c855ef2080decdef8ff161eb6661b86933c9d82e5ba29dc602a55aba"

[[package]]
name = "siphasher"
version = "1.0.3"
source = "registry+https://github.com/rust-lang/crates.io-index"
checksum = "8ee5873ec9cce0195efcb7a4e9507a04cd49aec9c83d0389df45b1ef7ba2e649"

[[package]]
name = "smallvec"
version = "1.15.2"
source = "registry+https://github.com/rust-lang/crates.io-index"
checksum = "8ed6a63f02c8539c91a8685a86f4099661ba3da017932f6ebbea6de3f0fa7c90"

[[package]]
name = "string_cache"
version = "0.8.9"
source = "registry+https://github.com/rust-lang/crates.io-index"
checksum = "bf776ba3fa74f83bf4b63c3dcbbf82173db2632ed8452cb2d891d33f459de70f"
dependencies = [
 "new_debug_unreachable",
 "parking_lot",
 "phf_shared",
 "precomputed-hash",
]

[[package]]
name = "term"
version = "1.2.1"
source = "registry+https://github.com/rust-lang/crates.io-index"
checksum = "d8c27177b12a6399ffc08b98f76f7c9a1f4fe9fc967c784c5a071fa8d93cf7e1"
dependencies = [
 "windows-sys",
]

[[package]]
name = "typenum"
version = "1.20.1"
source = "registry+https://github.com/rust-lang/crates.io-index"
checksum = "b6f5e870be6c3b371b77fe0ee0bafb859fa4964b4404c27de1d380043c4dda20"

[[package]]
name = "unicode-xid"
version = "0.2.6"
source = "registry+https://github.com/rust-lang/crates.io-index"
checksum = "ebc1c04c71510c7f702b52b7c350734c9ff1295c464a03335b00bb84fc54f853"

[[package]]
name = "version_check"
version = "0.9.5"
source = "registry+https://github.com/rust-lang/crates.io-index"
checksum = "0b928f33d975fc6ad9f86c8f283853ad26bdd5b10b7f1542aa2fa15e2289105a"

[[package]]
name = "walkdir"
version = "2.5.0"
source = "registry+https://github.com/rust-lang/crates.io-index"
checksum = "29790946404f91d9c5d06f9874efddea1dc06c5efe94541a7d6863108e3a5e4b"
dependencies = [
 "same-file",
 "winapi-util",
]

[[package]]
name = "wide"
version = "1.5.0"
source = "registry+https://github.com/rust-lang/crates.io-index"
checksum = "dfdfe6a32973f2d1b268b8895845a8a96cac2f0191e72c27cc929036060dbf89"
dependencies = [
 "bytemuck",
 "safe_arch",
]

[[package]]
name = "winapi-util"
version = "0.1.11"
source = "registry+https://github.com/rust-lang/crates.io-index"
checksum = "c2a7b1c03c876122aa43f3020e6c3c3ee5c05081c9a00739faf7503aeba10d22"
dependencies = [
 "windows-sys",
]

[[package]]
name = "windows-link"
version = "0.2.1"
source = "registry+https://github.com/rust-lang/crates.io-index"
checksum = "f0805222e57f7521d6a62e36fa9163bc891acd422f971defe97d64e70d0a4fe5"

[[package]]
name = "windows-sys"
version = "0.61.2"
source = "registry+https://github.com/rust-lang/crates.io-index"
checksum = "ae137229bcbd6cdf0f7b80a31df61766145077ddf49416a728b02cb3921ff3fc"
dependencies = [
 "windows-link",
]
